
Microsoft Visual Studio Solution File, Format Version 12.00
# Visual Studio Version 17
VisualStudioVersion = 17.7.34031.279
MinimumVisualStudioVersion = 10.0.40219.1
Project("{F184B08F-C81C-45F6-A57F-5ABD9991F28F}") = "Ryujinx-Installer", "Ryujinx-Installer\Ryujinx-Installer.vbproj", "{B675A2D8-8E16-4B1A-8256-65F2E8152A6A}"
EndProject
Project("{F184B08F-C81C-45F6-A57F-5ABD9991F28F}") = "Ryujinx-unistaller", "Ryujinx-unistaller\Ryujinx-unistaller.vbproj", "{C39AFF39-C307-4997-B69F-57CC98AF4FB5}"
EndProject
Project("{F184B08F-C81C-45F6-A57F-5ABD9991F28F}") = "Ryujinx-Updater", "Ryujinx-Updater\Ryujinx-Updater.vbproj", "{DDBA5B2F-37B8-434D-98DE-89F0771AA5E2}"
EndProject
Global
	GlobalSection(SolutionConfigurationPlatforms) = preSolution
		Debug|Any CPU = Debug|Any CPU
		Release|Any CPU = Release|Any CPU
	EndGlobalSection
	GlobalSection(ProjectConfigurationPlatforms) = postSolution
		{B675A2D8-8E16-4B1A-8256-65F2E8152A6A}.Debug|Any CPU.ActiveCfg = Debug|Any CPU
		{B675A2D8-8E16-4B1A-8256-65F2E8152A6A}.Debug|Any CPU.Build.0 = Debug|Any CPU
		{B675A2D8-8E16-4B1A-8256-65F2E8152A6A}.Release|Any CPU.ActiveCfg = Release|Any CPU
		{B675A2D8-8E16-4B1A-8256-65F2E8152A6A}.Release|Any CPU.Build.0 = Release|Any CPU
		{C39AFF39-C307-4997-B69F-57CC98AF4FB5}.Debug|Any CPU.ActiveCfg = Debug|Any CPU
		{C39AFF39-C307-4997-B69F-57CC98AF4FB5}.Debug|Any CPU.Build.0 = Debug|Any CPU
		{C39AFF39-C307-4997-B69F-57CC98AF4FB5}.Release|Any CPU.ActiveCfg = Release|Any CPU
		{C39AFF39-C307-4997-B69F-57CC98AF4FB5}.Release|Any CPU.Build.0 = Release|Any CPU
		{DDBA5B2F-37B8-434D-98DE-89F0771AA5E2}.Debug|Any CPU.ActiveCfg = Debug|Any CPU
		{DDBA5B2F-37B8-434D-98DE-89F0771AA5E2}.Debug|Any CPU.Build.0 = Debug|Any CPU
		{DDBA5B2F-37B8-434D-98DE-89F0771AA5E2}.Release|Any CPU.ActiveCfg = Release|Any CPU
		{DDBA5B2F-37B8-434D-98DE-89F0771AA5E2}.Release|Any CPU.Build.0 = Release|Any CPU
	EndGlobalSection
	GlobalSection(SolutionProperties) = preSolution
		HideSolutionNode = FALSE
	EndGlobalSection
	GlobalSection(ExtensibilityGlobals) = postSolution
		SolutionGuid = {2262321E-5E35-443E-AD8B-41BB65F0716D}
	EndGlobalSection
EndGlobal
