
Microsoft Visual Studio Solution File, Format Version 12.00
# Visual Studio Version 17
VisualStudioVersion = 17.3.32819.101
MinimumVisualStudioVersion = 10.0.40219.1
Project("{F184B08F-C81C-45F6-A57F-5ABD9991F28F}") = "Ryujinx-Installer", "Ryujinx-Installer\Ryujinx-Installer.vbproj", "{2587AF47-A53A-4365-931D-F9FA4B32A58E}"
EndProject
Project("{F184B08F-C81C-45F6-A57F-5ABD9991F28F}") = "Ryujinx-Updater", "Ryujinx-Updater\Ryujinx-Updater.vbproj", "{4DBEF5B0-DF8D-47C8-AF2E-BBA1F6836C35}"
EndProject
Global
	GlobalSection(SolutionConfigurationPlatforms) = preSolution
		Debug|Any CPU = Debug|Any CPU
		Release|Any CPU = Release|Any CPU
	EndGlobalSection
	GlobalSection(ProjectConfigurationPlatforms) = postSolution
		{2587AF47-A53A-4365-931D-F9FA4B32A58E}.Debug|Any CPU.ActiveCfg = Debug|Any CPU
		{2587AF47-A53A-4365-931D-F9FA4B32A58E}.Debug|Any CPU.Build.0 = Debug|Any CPU
		{2587AF47-A53A-4365-931D-F9FA4B32A58E}.Release|Any CPU.ActiveCfg = Release|Any CPU
		{2587AF47-A53A-4365-931D-F9FA4B32A58E}.Release|Any CPU.Build.0 = Release|Any CPU
		{4DBEF5B0-DF8D-47C8-AF2E-BBA1F6836C35}.Debug|Any CPU.ActiveCfg = Debug|Any CPU
		{4DBEF5B0-DF8D-47C8-AF2E-BBA1F6836C35}.Debug|Any CPU.Build.0 = Debug|Any CPU
		{4DBEF5B0-DF8D-47C8-AF2E-BBA1F6836C35}.Release|Any CPU.ActiveCfg = Release|Any CPU
		{4DBEF5B0-DF8D-47C8-AF2E-BBA1F6836C35}.Release|Any CPU.Build.0 = Release|Any CPU
	EndGlobalSection
	GlobalSection(SolutionProperties) = preSolution
		HideSolutionNode = FALSE
	EndGlobalSection
	GlobalSection(ExtensibilityGlobals) = postSolution
		SolutionGuid = {E3F00E8C-9ACA-4BE2-84DA-449988CD0B6D}
	EndGlobalSection
EndGlobal
